
Microsoft Visual Studio Solution File, Format Version 12.00
# Visual Studio Version 17
VisualStudioVersion = 17.9.34616.47
MinimumVisualStudioVersion = 10.0.40219.1
Project("{FAE04EC0-301F-11D3-BF4B-00C04F79EFBC}") = "PasswordManager", "PasswordManager\PasswordManager.csproj", "{91224AF7-91C0-432A-B364-6E8F59EE1FDC}"
EndProject
Global
	GlobalSection(SolutionConfigurationPlatforms) = preSolution
		Debug|Any CPU = Debug|Any CPU
		Release|Any CPU = Release|Any CPU
	EndGlobalSection
	GlobalSection(ProjectConfigurationPlatforms) = postSolution
		{91224AF7-91C0-432A-B364-6E8F59EE1FDC}.Debug|Any CPU.ActiveCfg = Debug|Any CPU
		{91224AF7-91C0-432A-B364-6E8F59EE1FDC}.Debug|Any CPU.Build.0 = Debug|Any CPU
		{91224AF7-91C0-432A-B364-6E8F59EE1FDC}.Release|Any CPU.ActiveCfg = Release|Any CPU
		{91224AF7-91C0-432A-B364-6E8F59EE1FDC}.Release|Any CPU.Build.0 = Release|Any CPU
	EndGlobalSection
	GlobalSection(SolutionProperties) = preSolution
		HideSolutionNode = FALSE
	EndGlobalSection
	GlobalSection(ExtensibilityGlobals) = postSolution
		SolutionGuid = {E39AB43A-9B7D-48E7-80AF-EA047882E50C}
	EndGlobalSection
EndGlobal
